
Microsoft Visual Studio Solution File, Format Version 12.00
# Visual Studio 14
VisualStudioVersion = 14.0.25123.0
MinimumVisualStudioVersion = 10.0.40219.1
Project("{FAE04EC0-301F-11D3-BF4B-00C04F79EFBC}") = "WindowsFormsApplication2", "WindowsFormsApplication2\WindowsFormsApplication2.csproj", "{9BA1BBDA-5462-4E01-A0D3-743452CD6A15}"
EndProject
Global
	GlobalSection(SolutionConfigurationPlatforms) = preSolution
		Debug|Any CPU = Debug|Any CPU
		Release|Any CPU = Release|Any CPU
	EndGlobalSection
	GlobalSection(ProjectConfigurationPlatforms) = postSolution
		{9BA1BBDA-5462-4E01-A0D3-743452CD6A15}.Debug|Any CPU.ActiveCfg = Debug|Any CPU
		{9BA1BBDA-5462-4E01-A0D3-743452CD6A15}.Debug|Any CPU.Build.0 = Debug|Any CPU
		{9BA1BBDA-5462-4E01-A0D3-743452CD6A15}.Release|Any CPU.ActiveCfg = Release|Any CPU
		{9BA1BBDA-5462-4E01-A0D3-743452CD6A15}.Release|Any CPU.Build.0 = Release|Any CPU
	EndGlobalSection
	GlobalSection(SolutionProperties) = preSolution
		HideSolutionNode = FALSE
	EndGlobalSection
EndGlobal
